
Microsoft Visual Studio Solution File, Format Version 12.00
# Visual Studio Version 16
VisualStudioVersion = 16.0.32630.194
MinimumVisualStudioVersion = 10.0.40219.1
Project("{FAE04EC0-301F-11D3-BF4B-00C04F79EFBC}") = "ExDW Navigateur 2.0", "ExDW Navigateur 2.0\ExDW Navigateur 2.0.csproj", "{8718C77B-2C63-42C6-B4CA-AC6302AEFC75}"
EndProject
Global
	GlobalSection(SolutionConfigurationPlatforms) = preSolution
		Debug|Any CPU = Debug|Any CPU
		Release|Any CPU = Release|Any CPU
	EndGlobalSection
	GlobalSection(ProjectConfigurationPlatforms) = postSolution
		{8718C77B-2C63-42C6-B4CA-AC6302AEFC75}.Debug|Any CPU.ActiveCfg = Debug|Any CPU
		{8718C77B-2C63-42C6-B4CA-AC6302AEFC75}.Debug|Any CPU.Build.0 = Debug|Any CPU
		{8718C77B-2C63-42C6-B4CA-AC6302AEFC75}.Release|Any CPU.ActiveCfg = Release|Any CPU
		{8718C77B-2C63-42C6-B4CA-AC6302AEFC75}.Release|Any CPU.Build.0 = Release|Any CPU
	EndGlobalSection
	GlobalSection(SolutionProperties) = preSolution
		HideSolutionNode = FALSE
	EndGlobalSection
	GlobalSection(ExtensibilityGlobals) = postSolution
		SolutionGuid = {D33F6729-0B5A-4B0F-A8E6-516315A341AA}
	EndGlobalSection
EndGlobal
